// !$*UTF8*$!
{
	archiveVersion = 1;
	classes = {
	};
	objectVersion = 56;
	objects = {

/* Begin PBXBuildFile section */
		A0085B742B9CD507001C059B /* ResultViewController.swift in Sources */ = {isa = PBXBuildFile; fileRef = A0085B732B9CD507001C059B /* ResultViewController.swift */; };
		A03A024F2BA127F8009AE220 /* Result.swift in Sources */ = {isa = PBXBuildFile; fileRef = A03A024E2BA127F8009AE220 /* Result.swift */; };
		A078CE1A2B9B9C2800284AF2 /* AppDelegate.swift in Sources */ = {isa = PBXBuildFile; fileRef = A078CE192B9B9C2800284AF2 /* AppDelegate.swift */; };
		A078CE1C2B9B9C2800284AF2 /* SceneDelegate.swift in Sources */ = {isa = PBXBuildFile; fileRef = A078CE1B2B9B9C2800284AF2 /* SceneDelegate.swift */; };
		A078CE1E2B9B9C2800284AF2 /* ViewController.swift in Sources */ = {isa = PBXBuildFile; fileRef = A078CE1D2B9B9C2800284AF2 /* ViewController.swift */; };
		A078CE212B9B9C2800284AF2 /* Main.storyboard in Resources */ = {isa = PBXBuildFile; fileRef = A078CE1F2B9B9C2800284AF2 /* Main.storyboard */; };
		A078CE242B9B9C2800284AF2 /* iWeather.xcdatamodeld in Sources */ = {isa = PBXBuildFile; fileRef = A078CE222B9B9C2800284AF2 /* iWeather.xcdatamodeld */; };
		A078CE262B9B9C2900284AF2 /* Assets.xcassets in Resources */ = {isa = PBXBuildFile; fileRef = A078CE252B9B9C2900284AF2 /* Assets.xcassets */; };
		A078CE292B9B9C2900284AF2 /* LaunchScreen.storyboard in Resources */ = {isa = PBXBuildFile; fileRef = A078CE272B9B9C2900284AF2 /* LaunchScreen.storyboard */; };
		A0AF4AD42BA5309F00EBDDD2 /* PollutionRsult.swift in Sources */ = {isa = PBXBuildFile; fileRef = A0AF4AD32BA5309F00EBDDD2 /* PollutionRsult.swift */; };
/* End PBXBuildFile section */

/* Begin PBXFileReference section */
		A0085B732B9CD507001C059B /* ResultViewController.swift */ = {isa = PBXFileReference; lastKnownFileType = sourcecode.swift; path = ResultViewController.swift; sourceTree = "<group>"; };
		A03A024E2BA127F8009AE220 /* Result.swift */ = {isa = PBXFileReference; lastKnownFileType = sourcecode.swift; path = Result.swift; sourceTree = "<group>"; };
		A078CE162B9B9C2800284AF2 /* iWeather.app */ = {isa = PBXFileReference; explicitFileType = wrapper.application; includeInIndex = 0; path = iWeather.app; sourceTree = BUILT_PRODUCTS_DIR; };
		A078CE192B9B9C2800284AF2 /* AppDelegate.swift */ = {isa = PBXFileReference; lastKnownFileType = sourcecode.swift; path = AppDelegate.swift; sourceTree = "<group>"; };
		A078CE1B2B9B9C2800284AF2 /* SceneDelegate.swift */ = {isa = PBXFileReference; lastKnownFileType = sourcecode.swift; path = SceneDelegate.swift; sourceTree = "<group>"; };
		A078CE1D2B9B9C2800284AF2 /* ViewController.swift */ = {isa = PBXFileReference; lastKnownFileType = sourcecode.swift; path = ViewController.swift; sourceTree = "<group>"; };
		A078CE202B9B9C2800284AF2 /* Base */ = {isa = PBXFileReference; lastKnownFileType = file.storyboard; name = Base; path = Base.lproj/Main.storyboard; sourceTree = "<group>"; };
		A078CE232B9B9C2800284AF2 /* iWeather.xcdatamodel */ = {isa = PBXFileReference; lastKnownFileType = wrapper.xcdatamodel; path = iWeather.xcdatamodel; sourceTree = "<group>"; };
		A078CE252B9B9C2900284AF2 /* Assets.xcassets */ = {isa = PBXFileReference; lastKnownFileType = folder.assetcatalog; path = Assets.xcassets; sourceTree = "<group>"; };
		A078CE282B9B9C2900284AF2 /* Base */ = {isa = PBXFileReference; lastKnownFileType = file.storyboard; name = Base; path = Base.lproj/LaunchScreen.storyboard; sourceTree = "<group>"; };
		A078CE2A2B9B9C2900284AF2 /* Info.plist */ = {isa = PBXFileReference; lastKnownFileType = text.plist.xml; path = Info.plist; sourceTree = "<group>"; };
		A0AF4AD32BA5309F00EBDDD2 /* PollutionRsult.swift */ = {isa = PBXFileReference; lastKnownFileType = sourcecode.swift; path = PollutionRsult.swift; sourceTree = "<group>"; };
/* End PBXFileReference section */

/* Begin PBXFrameworksBuildPhase section */
		A078CE132B9B9C2800284AF2 /* Frameworks */ = {
			isa = PBXFrameworksBuildPhase;
			buildActionMask = 2147483647;
			files = (
			);
			runOnlyForDeploymentPostprocessing = 0;
		};
/* End PBXFrameworksBuildPhase section */

/* Begin PBXGroup section */
		A078CE0D2B9B9C2800284AF2 = {
			isa = PBXGroup;
			children = (
				A078CE182B9B9C2800284AF2 /* iWeather */,
				A078CE172B9B9C2800284AF2 /* Products */,
			);
			sourceTree = "<group>";
		};
		A078CE172B9B9C2800284AF2 /* Products */ = {
			isa = PBXGroup;
			children = (
				A078CE162B9B9C2800284AF2 /* iWeather.app */,
			);
			name = Products;
			sourceTree = "<group>";
		};
		A078CE182B9B9C2800284AF2 /* iWeather */ = {
			isa = PBXGroup;
			children = (
				A078CE192B9B9C2800284AF2 /* AppDelegate.swift */,
				A078CE1B2B9B9C2800284AF2 /* SceneDelegate.swift */,
				A078CE1D2B9B9C2800284AF2 /* ViewController.swift */,
				A03A024E2BA127F8009AE220 /* Result.swift */,
				A0AF4AD32BA5309F00EBDDD2 /* PollutionRsult.swift */,
				A078CE1F2B9B9C2800284AF2 /* Main.storyboard */,
				A0085B732B9CD507001C059B /* ResultViewController.swift */,
				A078CE252B9B9C2900284AF2 /* Assets.xcassets */,
				A078CE272B9B9C2900284AF2 /* LaunchScreen.storyboard */,
				A078CE2A2B9B9C2900284AF2 /* Info.plist */,
				A078CE222B9B9C2800284AF2 /* iWeather.xcdatamodeld */,
			);
			path = iWeather;
			sourceTree = "<group>";
		};
/* End PBXGroup section */

/* Begin PBXNativeTarget section */
		A078CE152B9B9C2800284AF2 /* iWeather */ = {
			isa = PBXNativeTarget;
			buildConfigurationList = A078CE2D2B9B9C2900284AF2 /* Build configuration list for PBXNativeTarget "iWeather" */;
			buildPhases = (
				A078CE122B9B9C2800284AF2 /* Sources */,
				A078CE132B9B9C2800284AF2 /* Frameworks */,
				A078CE142B9B9C2800284AF2 /* Resources */,
			);
			buildRules = (
			);
			dependencies = (
			);
			name = iWeather;
			productName = iWeather;
			productReference = A078CE162B9B9C2800284AF2 /* iWeather.app */;
			productType = "com.apple.product-type.application";
		};
/* End PBXNativeTarget section */

/* Begin PBXProject section */
		A078CE0E2B9B9C2800284AF2 /* Project object */ = {
			isa = PBXProject;
			attributes = {
				BuildIndependentTargetsInParallel = 1;
				LastSwiftUpdateCheck = 1520;
				LastUpgradeCheck = 1520;
				TargetAttributes = {
					A078CE152B9B9C2800284AF2 = {
						CreatedOnToolsVersion = 15.2;
					};
				};
			};
			buildConfigurationList = A078CE112B9B9C2800284AF2 /* Build configuration list for PBXProject "iWeather" */;
			compatibilityVersion = "Xcode 14.0";
			developmentRegion = en;
			hasScannedForEncodings = 0;
			knownRegions = (
				en,
				Base,
			);
			mainGroup = A078CE0D2B9B9C2800284AF2;
			productRefGroup = A078CE172B9B9C2800284AF2 /* Products */;
			projectDirPath = "";
			projectRoot = "";
			targets = (
				A078CE152B9B9C2800284AF2 /* iWeather */,
			);
		};
/* End PBXProject section */

/* Begin PBXResourcesBuildPhase section */
		A078CE142B9B9C2800284AF2 /* Resources */ = {
			isa = PBXResourcesBuildPhase;
			buildActionMask = 2147483647;
			files = (
				A078CE292B9B9C2900284AF2 /* LaunchScreen.storyboard in Resources */,
				A078CE262B9B9C2900284AF2 /* Assets.xcassets in Resources */,
				A078CE212B9B9C2800284AF2 /* Main.storyboard in Resources */,
			);
			runOnlyForDeploymentPostprocessing = 0;
		};
/* End PBXResourcesBuildPhase section */

/* Begin PBXSourcesBuildPhase section */
		A078CE122B9B9C2800284AF2 /* Sources */ = {
			isa = PBXSourcesBuildPhase;
			buildActionMask = 2147483647;
			files = (
				A0085B742B9CD507001C059B /* ResultViewController.swift in Sources */,
				A078CE1E2B9B9C2800284AF2 /* ViewController.swift in Sources */,
				A078CE1A2B9B9C2800284AF2 /* AppDelegate.swift in Sources */,
				A03A024F2BA127F8009AE220 /* Result.swift in Sources */,
				A078CE242B9B9C2800284AF2 /* iWeather.xcdatamodeld in Sources */,
				A078CE1C2B9B9C2800284AF2 /* SceneDelegate.swift in Sources */,
				A0AF4AD42BA5309F00EBDDD2 /* PollutionRsult.swift in Sources */,
			);
			runOnlyForDeploymentPostprocessing = 0;
		};
/* End PBXSourcesBuildPhase section */

/* Begin PBXVariantGroup section */
		A078CE1F2B9B9C2800284AF2 /* Main.storyboard */ = {
			isa = PBXVariantGroup;
			children = (
				A078CE202B9B9C2800284AF2 /* Base */,
			);
			name = Main.storyboard;
			sourceTree = "<group>";
		};
		A078CE272B9B9C2900284AF2 /* LaunchScreen.storyboard */ = {
			isa = PBXVariantGroup;
			children = (
				A078CE282B9B9C2900284AF2 /* Base */,
			);
			name = LaunchScreen.storyboard;
			sourceTree = "<group>";
		};
/* End PBXVariantGroup section */

/* Begin XCBuildConfiguration section */
		A078CE2B2B9B9C2900284AF2 /* Debug */ = {
			isa = XCBuildConfiguration;
			buildSettings = {
				ALWAYS_SEARCH_USER_PATHS = NO;
				ASSETCATALOG_COMPILER_GENERATE_SWIFT_ASSET_SYMBOL_EXTENSIONS = YES;
				CLANG_ANALYZER_NONNULL = YES;
				CLANG_ANALYZER_NUMBER_OBJECT_CONVERSION = YES_AGGRESSIVE;
				CLANG_CXX_LANGUAGE_STANDARD = "gnu++20";
				CLANG_ENABLE_MODULES = YES;
				CLANG_ENABLE_OBJC_ARC = YES;
				CLANG_ENABLE_OBJC_WEAK = YES;
				CLANG_WARN_BLOCK_CAPTURE_AUTORELEASING = YES;
				CLANG_WARN_BOOL_CONVERSION = YES;
				CLANG_WARN_COMMA = YES;
				CLANG_WARN_CONSTANT_CONVERSION = YES;
				CLANG_WARN_DEPRECATED_OBJC_IMPLEMENTATIONS = YES;
				CLANG_WARN_DIRECT_OBJC_ISA_USAGE = YES_ERROR;
				CLANG_WARN_DOCUMENTATION_COMMENTS = YES;
				CLANG_WARN_EMPTY_BODY = YES;
				CLANG_WARN_ENUM_CONVERSION = YES;
				CLANG_WARN_INFINITE_RECURSION = YES;
				CLANG_WARN_INT_CONVERSION = YES;
				CLANG_WARN_NON_LITERAL_NULL_CONVERSION = YES;
				CLANG_WARN_OBJC_IMPLICIT_RETAIN_SELF = YES;
				CLANG_WARN_OBJC_LITERAL_CONVERSION = YES;
				CLANG_WARN_OBJC_ROOT_CLASS = YES_ERROR;
				CLANG_WARN_QUOTED_INCLUDE_IN_FRAMEWORK_HEADER = YES;
				CLANG_WARN_RANGE_LOOP_ANALYSIS = YES;
				CLANG_WARN_STRICT_PROTOTYPES = YES;
				CLANG_WARN_SUSPICIOUS_MOVE = YES;
				CLANG_WARN_UNGUARDED_AVAILABILITY = YES_AGGRESSIVE;
				CLANG_WARN_UNREACHABLE_CODE = YES;
				CLANG_WARN__DUPLICATE_METHOD_MATCH = YES;
				COPY_PHASE_STRIP = NO;
				DEBUG_INFORMATION_FORMAT = dwarf;
				ENABLE_STRICT_OBJC_MSGSEND = YES;
				ENABLE_TESTABILITY = YES;
				ENABLE_USER_SCRIPT_SANDBOXING = YES;
				GCC_C_LANGUAGE_STANDARD = gnu17;
				GCC_DYNAMIC_NO_PIC = NO;
				GCC_NO_COMMON_BLOCKS = YES;
				GCC_OPTIMIZATION_LEVEL = 0;
				GCC_PREPROCESSOR_DEFINITIONS = (
					"DEBUG=1",
					"$(inherited)",
				);
				GCC_WARN_64_TO_32_BIT_CONVERSION = YES;
				GCC_WARN_ABOUT_RETURN_TYPE = YES_ERROR;
				GCC_WARN_UNDECLARED_SELECTOR = YES;
				GCC_WARN_UNINITIALIZED_AUTOS = YES_AGGRESSIVE;
				GCC_WARN_UNUSED_FUNCTION = YES;
				GCC_WARN_UNUSED_VARIABLE = YES;
				IPHONEOS_DEPLOYMENT_TARGET = 17.2;
				LOCALIZATION_PREFERS_STRING_CATALOGS = YES;
				MTL_ENABLE_DEBUG_INFO = INCLUDE_SOURCE;
				MTL_FAST_MATH = YES;
				ONLY_ACTIVE_ARCH = YES;
				SDKROOT = iphoneos;
				SWIFT_ACTIVE_COMPILATION_CONDITIONS = "DEBUG $(inherited)";
				SWIFT_OPTIMIZATION_LEVEL = "-Onone";
			};
			name = Debug;
		};
		A078CE2C2B9B9C2900284AF2 /* Release */ = {
			isa = XCBuildConfiguration;
			buildSettings = {
				ALWAYS_SEARCH_USER_PATHS = NO;
				ASSETCATALOG_COMPILER_GENERATE_SWIFT_ASSET_SYMBOL_EXTENSIONS = YES;
				CLANG_ANALYZER_NONNULL = YES;
				CLANG_ANALYZER_NUMBER_OBJECT_CONVERSION = YES_AGGRESSIVE;
				CLANG_CXX_LANGUAGE_STANDARD = "gnu++20";
				CLANG_ENABLE_MODULES = YES;
				CLANG_ENABLE_OBJC_ARC = YES;
				CLANG_ENABLE_OBJC_WEAK = YES;
				CLANG_WARN_BLOCK_CAPTURE_AUTORELEASING = YES;
				CLANG_WARN_BOOL_CONVERSION = YES;
				CLANG_WARN_COMMA = YES;
				CLANG_WARN_CONSTANT_CONVERSION = YES;
				CLANG_WARN_DEPRECATED_OBJC_IMPLEMENTATIONS = YES;
				CLANG_WARN_DIRECT_OBJC_ISA_USAGE = YES_ERROR;
				CLANG_WARN_DOCUMENTATION_COMMENTS = YES;
				CLANG_WARN_EMPTY_BODY = YES;
				CLANG_WARN_ENUM_CONVERSION = YES;
				CLANG_WARN_INFINITE_RECURSION = YES;
				CLANG_WARN_INT_CONVERSION = YES;
				CLANG_WARN_NON_LITERAL_NULL_CONVERSION = YES;
				CLANG_WARN_OBJC_IMPLICIT_RETAIN_SELF = YES;
				CLANG_WARN_OBJC_LITERAL_CONVERSION = YES;
				CLANG_WARN_OBJC_ROOT_CLASS = YES_ERROR;
				CLANG_WARN_QUOTED_INCLUDE_IN_FRAMEWORK_HEADER = YES;
				CLANG_WARN_RANGE_LOOP_ANALYSIS = YES;
				CLANG_WARN_STRICT_PROTOTYPES = YES;
				CLANG_WARN_SUSPICIOUS_MOVE = YES;
				CLANG_WARN_UNGUARDED_AVAILABILITY = YES_AGGRESSIVE;
				CLANG_WARN_UNREACHABLE_CODE = YES;
				CLANG_WARN__DUPLICATE_METHOD_MATCH = YES;
				COPY_PHASE_STRIP = NO;
				DEBUG_INFORMATION_FORMAT = "dwarf-with-dsym";
				ENABLE_NS_ASSERTIONS = NO;
				ENABLE_STRICT_OBJC_MSGSEND = YES;
				ENABLE_USER_SCRIPT_SANDBOXING = YES;
				GCC_C_LANGUAGE_STANDARD = gnu17;
				GCC_NO_COMMON_BLOCKS = YES;
				GCC_WARN_64_TO_32_BIT_CONVERSION = YES;
				GCC_WARN_ABOUT_RETURN_TYPE = YES_ERROR;
				GCC_WARN_UNDECLARED_SELECTOR = YES;
				GCC_WARN_UNINITIALIZED_AUTOS = YES_AGGRESSIVE;
				GCC_WARN_UNUSED_FUNCTION = YES;
				GCC_WARN_UNUSED_VARIABLE = YES;
				IPHONEOS_DEPLOYMENT_TARGET = 17.2;
				LOCALIZATION_PREFERS_STRING_CATALOGS = YES;
				MTL_ENABLE_DEBUG_INFO = NO;
				MTL_FAST_MATH = YES;
				SDKROOT = iphoneos;
				SWIFT_COMPILATION_MODE = wholemodule;
				VALIDATE_PRODUCT = YES;
			};
			name = Release;
		};
		A078CE2E2B9B9C2900284AF2 /* Debug */ = {
			isa = XCBuildConfiguration;
			buildSettings = {
				ASSETCATALOG_COMPILER_APPICON_NAME = AppIcon;
				ASSETCATALOG_COMPILER_GLOBAL_ACCENT_COLOR_NAME = AccentColor;
				CODE_SIGN_STYLE = Automatic;
				CURRENT_PROJECT_VERSION = 1;
				DEVELOPMENT_TEAM = 7U8C72Q2X3;
				GENERATE_INFOPLIST_FILE = YES;
				INFOPLIST_FILE = iWeather/Info.plist;
				INFOPLIST_KEY_UIApplicationSupportsIndirectInputEvents = YES;
				INFOPLIST_KEY_UILaunchStoryboardName = LaunchScreen;
				INFOPLIST_KEY_UIMainStoryboardFile = Main;
				INFOPLIST_KEY_UISupportedInterfaceOrientations_iPad = "UIInterfaceOrientationPortrait UIInterfaceOrientationPortraitUpsideDown UIInterfaceOrientationLandscapeLeft UIInterfaceOrientationLandscapeRight";
				INFOPLIST_KEY_UISupportedInterfaceOrientations_iPhone = "UIInterfaceOrientationPortrait UIInterfaceOrientationLandscapeLeft UIInterfaceOrientationLandscapeRight";
				LD_RUNPATH_SEARCH_PATHS = (
					"$(inherited)",
					"@executable_path/Frameworks",
				);
				MARKETING_VERSION = 1.0;
				PRODUCT_BUNDLE_IDENTIFIER = br.com.iWeather;
				PRODUCT_NAME = "$(TARGET_NAME)";
				SUPPORTED_PLATFORMS = "iphoneos iphonesimulator";
				SUPPORTS_MACCATALYST = NO;
				SUPPORTS_MAC_DESIGNED_FOR_IPHONE_IPAD = NO;
				SUPPORTS_XR_DESIGNED_FOR_IPHONE_IPAD = NO;
				SWIFT_EMIT_LOC_STRINGS = YES;
				SWIFT_VERSION = 5.0;
				TARGETED_DEVICE_FAMILY = 1;
			};
			name = Debug;
		};
		A078CE2F2B9B9C2900284AF2 /* Release */ = {
			isa = XCBuildConfiguration;
			buildSettings = {
				ASSETCATALOG_COMPILER_APPICON_NAME = AppIcon;
				ASSETCATALOG_COMPILER_GLOBAL_ACCENT_COLOR_NAME = AccentColor;
				CODE_SIGN_STYLE = Automatic;
				CURRENT_PROJECT_VERSION = 1;
				DEVELOPMENT_TEAM = 7U8C72Q2X3;
				GENERATE_INFOPLIST_FILE = YES;
				INFOPLIST_FILE = iWeather/Info.plist;
				INFOPLIST_KEY_UIApplicationSupportsIndirectInputEvents = YES;
				INFOPLIST_KEY_UILaunchStoryboardName = LaunchScreen;
				INFOPLIST_KEY_UIMainStoryboardFile = Main;
				INFOPLIST_KEY_UISupportedInterfaceOrientations_iPad = "UIInterfaceOrientationPortrait UIInterfaceOrientationPortraitUpsideDown UIInterfaceOrientationLandscapeLeft UIInterfaceOrientationLandscapeRight";
				INFOPLIST_KEY_UISupportedInterfaceOrientations_iPhone = "UIInterfaceOrientationPortrait UIInterfaceOrientationLandscapeLeft UIInterfaceOrientationLandscapeRight";
				LD_RUNPATH_SEARCH_PATHS = (
					"$(inherited)",
					"@executable_path/Frameworks",
				);
				MARKETING_VERSION = 1.0;
				PRODUCT_BUNDLE_IDENTIFIER = br.com.iWeather;
				PRODUCT_NAME = "$(TARGET_NAME)";
				SUPPORTED_PLATFORMS = "iphoneos iphonesimulator";
				SUPPORTS_MACCATALYST = NO;
				SUPPORTS_MAC_DESIGNED_FOR_IPHONE_IPAD = NO;
				SUPPORTS_XR_DESIGNED_FOR_IPHONE_IPAD = NO;
				SWIFT_EMIT_LOC_STRINGS = YES;
				SWIFT_VERSION = 5.0;
				TARGETED_DEVICE_FAMILY = 1;
			};
			name = Release;
		};
/* End XCBuildConfiguration section */

/* Begin XCConfigurationList section */
		A078CE112B9B9C2800284AF2 /* Build configuration list for PBXProject "iWeather" */ = {
			isa = XCConfigurationList;
			buildConfigurations = (
				A078CE2B2B9B9C2900284AF2 /* Debug */,
				A078CE2C2B9B9C2900284AF2 /* Release */,
			);
			defaultConfigurationIsVisible = 0;
			defaultConfigurationName = Release;
		};
		A078CE2D2B9B9C2900284AF2 /* Build configuration list for PBXNativeTarget "iWeather" */ = {
			isa = XCConfigurationList;
			buildConfigurations = (
				A078CE2E2B9B9C2900284AF2 /* Debug */,
				A078CE2F2B9B9C2900284AF2 /* Release */,
			);
			defaultConfigurationIsVisible = 0;
			defaultConfigurationName = Release;
		};
/* End XCConfigurationList section */

/* Begin XCVersionGroup section */
		A078CE222B9B9C2800284AF2 /* iWeather.xcdatamodeld */ = {
			isa = XCVersionGroup;
			children = (
				A078CE232B9B9C2800284AF2 /* iWeather.xcdatamodel */,
			);
			currentVersion = A078CE232B9B9C2800284AF2 /* iWeather.xcdatamodel */;
			path = iWeather.xcdatamodeld;
			sourceTree = "<group>";
			versionGroupType = wrapper.xcdatamodel;
		};
/* End XCVersionGroup section */
	};
	rootObject = A078CE0E2B9B9C2800284AF2 /* Project object */;
}
